{
  "meteor": {},
  "dependencies": {
    "basePackages": {
      "underscore-keypath": {},
      "bootstrap-3": {},
      "iron-router": {},
      "jade": {}
    },
    "packages": {
      "underscore-keypath": {
        "git": "https://github.com/jeeeyul/underscore-keypath.git",
        "tag": "v0.0.15",
        "commit": "d3cdbd8a5bcf330f80b6287524aa85ded88a2707"
      },
      "bootstrap-3": {
        "git": "https://github.com/mangasocial/meteor-bootstrap-3.git",
        "tag": "v3.1.1-1",
        "commit": "63dd38968828bb8963636df93e9a1c45e2dfe67e"
      },
      "iron-router": {
        "git": "https://github.com/EventedMind/iron-router.git",
        "tag": "v0.7.1",
        "commit": "d1ffb3f06ea4c112132b030f2eb1a70b81675ecb"
      },
      "jade": {
        "git": "https://github.com/mquandalle/meteor-jade.git",
        "tag": "v0.2.2",
        "commit": "0391abab7d592b17ff74d9b9beaa721051970729"
      },
      "blaze-layout": {
        "git": "https://github.com/EventedMind/blaze-layout.git",
        "tag": "v0.2.4",
        "commit": "b40e9b0612329288d75cf52ad14a7da64bb8618f"
      }
    }
  }
}
